
Microsoft Visual Studio Solution File, Format Version 12.00
# Visual Studio Version 17
VisualStudioVersion = 17.0.32014.148
MinimumVisualStudioVersion = 10.0.40219.1
Project("{FAE04EC0-301F-11D3-BF4B-00C04F79EFBC}") = "RealEstateServices", "RealEstateServices.csproj", "{6A5DB392-F4EA-4151-A35A-B4E3232ED67F}"
EndProject
Global
	GlobalSection(SolutionConfigurationPlatforms) = preSolution
		Debug|Any CPU = Debug|Any CPU
		Release|Any CPU = Release|Any CPU
	EndGlobalSection
	GlobalSection(ProjectConfigurationPlatforms) = postSolution
		{6A5DB392-F4EA-4151-A35A-B4E3232ED67F}.Debug|Any CPU.ActiveCfg = Debug|Any CPU
		{6A5DB392-F4EA-4151-A35A-B4E3232ED67F}.Debug|Any CPU.Build.0 = Debug|Any CPU
		{6A5DB392-F4EA-4151-A35A-B4E3232ED67F}.Release|Any CPU.ActiveCfg = Release|Any CPU
		{6A5DB392-F4EA-4151-A35A-B4E3232ED67F}.Release|Any CPU.Build.0 = Release|Any CPU
	EndGlobalSection
	GlobalSection(SolutionProperties) = preSolution
		HideSolutionNode = FALSE
	EndGlobalSection
	GlobalSection(ExtensibilityGlobals) = postSolution
		SolutionGuid = {DD03E9C1-FA3F-4DD0-A016-C9D691251B32}
	EndGlobalSection
EndGlobal
